
Microsoft Visual Studio Solution File, Format Version 12.00
# Visual Studio 2013
VisualStudioVersion = 12.0.21005.1
MinimumVisualStudioVersion = 10.0.40219.1
Project("{FAE04EC0-301F-11D3-BF4B-00C04F79EFBC}") = "MVCDemo", "MVCDemo\MVCDemo.csproj", "{AAC277E1-84B3-48EF-998C-9F5A5524C453}"
EndProject
Global
	GlobalSection(SolutionConfigurationPlatforms) = preSolution
		Debug|Any CPU = Debug|Any CPU
		Release|Any CPU = Release|Any CPU
	EndGlobalSection
	GlobalSection(ProjectConfigurationPlatforms) = postSolution
		{AAC277E1-84B3-48EF-998C-9F5A5524C453}.Debug|Any CPU.ActiveCfg = Debug|Any CPU
		{AAC277E1-84B3-48EF-998C-9F5A5524C453}.Debug|Any CPU.Build.0 = Debug|Any CPU
		{AAC277E1-84B3-48EF-998C-9F5A5524C453}.Release|Any CPU.ActiveCfg = Release|Any CPU
		{AAC277E1-84B3-48EF-998C-9F5A5524C453}.Release|Any CPU.Build.0 = Release|Any CPU
	EndGlobalSection
	GlobalSection(SolutionProperties) = preSolution
		HideSolutionNode = FALSE
	EndGlobalSection
EndGlobal
